
Microsoft Visual Studio Solution File, Format Version 12.00
# Visual Studio Version 16
VisualStudioVersion = 16.0.31515.178
MinimumVisualStudioVersion = 10.0.40219.1
Project("{2150E333-8FDC-42A3-9474-1A3956D46DE8}") = "src", "src", "{B14DDF73-BB32-49F1-91A2-52B037CBF022}"
EndProject
Project("{2150E333-8FDC-42A3-9474-1A3956D46DE8}") = "Building blocks", "Building blocks", "{4CDBADD1-A533-46C9-8332-D121A489B0E3}"
EndProject
Project("{2150E333-8FDC-42A3-9474-1A3956D46DE8}") = "Services", "Services", "{6C99485A-2CC7-45C3-A5C2-3243E4C589E2}"
EndProject
Project("{2150E333-8FDC-42A3-9474-1A3956D46DE8}") = "Web", "Web", "{7CD08F92-FBE5-4D1F-80C3-2B9B6F329663}"
EndProject
Project("{2150E333-8FDC-42A3-9474-1A3956D46DE8}") = "Identidade", "Identidade", "{3FDFF122-2370-45E7-9DC2-908D2ACBAC79}"
EndProject
Project("{FAE04EC0-301F-11D3-BF4B-00C04F79EFBC}") = "SMC.Identidade.API", "src\services\SMC.Identidade.API\SMC.Identidade.API.csproj", "{249A98A9-F68A-425A-B3F0-7B64F88CD980}"
EndProject
Project("{2150E333-8FDC-42A3-9474-1A3956D46DE8}") = "Core", "Core", "{4D22BA5E-5AD9-43CD-AB0B-6D168D655AC8}"
EndProject
Project("{FAE04EC0-301F-11D3-BF4B-00C04F79EFBC}") = "SMC.Core", "src\building blocks\SMC.Core\SMC.Core.csproj", "{DE939FB8-69B7-4190-903C-3F9C84F343A5}"
EndProject
Project("{2150E333-8FDC-42A3-9474-1A3956D46DE8}") = "Carrinho", "Carrinho", "{78B1005E-AAD5-4927-A911-7DBBAA16F48F}"
EndProject
Project("{2150E333-8FDC-42A3-9474-1A3956D46DE8}") = "Catalogo", "Catalogo", "{26D4E658-B1A1-434F-AE0B-A5C9BCFEA96A}"
EndProject
Project("{2150E333-8FDC-42A3-9474-1A3956D46DE8}") = "Cliente", "Cliente", "{DC4669F7-839E-4A9F-9B39-F67CC32CE577}"
EndProject
Project("{2150E333-8FDC-42A3-9474-1A3956D46DE8}") = "Pagamento", "Pagamento", "{21C5C852-6F3F-4068-8CB1-A75FF01CB689}"
EndProject
Project("{2150E333-8FDC-42A3-9474-1A3956D46DE8}") = "Pedido", "Pedido", "{D2104C28-31E3-4D0F-B5F0-333D5C4766B8}"
EndProject
Project("{FAE04EC0-301F-11D3-BF4B-00C04F79EFBC}") = "SMC.Carrinho.API", "src\services\SMC.Carrinho.API\SMC.Carrinho.API.csproj", "{A200B8D6-0C17-4DB9-885C-909605C0B870}"
EndProject
Project("{FAE04EC0-301F-11D3-BF4B-00C04F79EFBC}") = "SMC.Catalogo.API", "src\services\SMC.Catalogo.API\SMC.Catalogo.API.csproj", "{F1001E74-CFCB-4FFC-8923-0344C3D07CD5}"
EndProject
Project("{FAE04EC0-301F-11D3-BF4B-00C04F79EFBC}") = "SMC.Cliente.API", "src\services\SMC.Cliente.API\SMC.Cliente.API.csproj", "{FA41785B-1C15-4782-8B20-2AC8B5B3567D}"
EndProject
Project("{FAE04EC0-301F-11D3-BF4B-00C04F79EFBC}") = "SMC.Pagamento.API", "src\services\SMC.Pagamento.API\SMC.Pagamento.API.csproj", "{F0F04DBF-B38D-4D13-AB63-71636BA1387C}"
EndProject
Project("{FAE04EC0-301F-11D3-BF4B-00C04F79EFBC}") = "SMC.Pedido.API", "src\services\SMC.Pedido.API\SMC.Pedido.API.csproj", "{FB9D19CC-2D78-4315-962E-633C49882A90}"
EndProject
Project("{2150E333-8FDC-42A3-9474-1A3956D46DE8}") = "DB", "DB", "{0816AABC-155C-496E-9822-57D0FE60CDA0}"
EndProject
Project("{00D1A9C2-B5F0-4AF3-8072-F6C62B433612}") = "SMC.DataBase", "src\building blocks\SMC.DataBase\SMC.DataBase.sqlproj", "{98688856-E0F3-4955-89AE-856A1A58B4DE}"
EndProject
Global
	GlobalSection(SolutionConfigurationPlatforms) = preSolution
		Debug|Any CPU = Debug|Any CPU
		Release|Any CPU = Release|Any CPU
	EndGlobalSection
	GlobalSection(ProjectConfigurationPlatforms) = postSolution
		{249A98A9-F68A-425A-B3F0-7B64F88CD980}.Debug|Any CPU.ActiveCfg = Debug|Any CPU
		{249A98A9-F68A-425A-B3F0-7B64F88CD980}.Debug|Any CPU.Build.0 = Debug|Any CPU
		{249A98A9-F68A-425A-B3F0-7B64F88CD980}.Release|Any CPU.ActiveCfg = Release|Any CPU
		{249A98A9-F68A-425A-B3F0-7B64F88CD980}.Release|Any CPU.Build.0 = Release|Any CPU
		{DE939FB8-69B7-4190-903C-3F9C84F343A5}.Debug|Any CPU.ActiveCfg = Debug|Any CPU
		{DE939FB8-69B7-4190-903C-3F9C84F343A5}.Debug|Any CPU.Build.0 = Debug|Any CPU
		{DE939FB8-69B7-4190-903C-3F9C84F343A5}.Release|Any CPU.ActiveCfg = Release|Any CPU
		{DE939FB8-69B7-4190-903C-3F9C84F343A5}.Release|Any CPU.Build.0 = Release|Any CPU
		{A200B8D6-0C17-4DB9-885C-909605C0B870}.Debug|Any CPU.ActiveCfg = Debug|Any CPU
		{A200B8D6-0C17-4DB9-885C-909605C0B870}.Debug|Any CPU.Build.0 = Debug|Any CPU
		{A200B8D6-0C17-4DB9-885C-909605C0B870}.Release|Any CPU.ActiveCfg = Release|Any CPU
		{A200B8D6-0C17-4DB9-885C-909605C0B870}.Release|Any CPU.Build.0 = Release|Any CPU
		{F1001E74-CFCB-4FFC-8923-0344C3D07CD5}.Debug|Any CPU.ActiveCfg = Debug|Any CPU
		{F1001E74-CFCB-4FFC-8923-0344C3D07CD5}.Debug|Any CPU.Build.0 = Debug|Any CPU
		{F1001E74-CFCB-4FFC-8923-0344C3D07CD5}.Release|Any CPU.ActiveCfg = Release|Any CPU
		{F1001E74-CFCB-4FFC-8923-0344C3D07CD5}.Release|Any CPU.Build.0 = Release|Any CPU
		{FA41785B-1C15-4782-8B20-2AC8B5B3567D}.Debug|Any CPU.ActiveCfg = Debug|Any CPU
		{FA41785B-1C15-4782-8B20-2AC8B5B3567D}.Debug|Any CPU.Build.0 = Debug|Any CPU
		{FA41785B-1C15-4782-8B20-2AC8B5B3567D}.Release|Any CPU.ActiveCfg = Release|Any CPU
		{FA41785B-1C15-4782-8B20-2AC8B5B3567D}.Release|Any CPU.Build.0 = Release|Any CPU
		{F0F04DBF-B38D-4D13-AB63-71636BA1387C}.Debug|Any CPU.ActiveCfg = Debug|Any CPU
		{F0F04DBF-B38D-4D13-AB63-71636BA1387C}.Debug|Any CPU.Build.0 = Debug|Any CPU
		{F0F04DBF-B38D-4D13-AB63-71636BA1387C}.Release|Any CPU.ActiveCfg = Release|Any CPU
		{F0F04DBF-B38D-4D13-AB63-71636BA1387C}.Release|Any CPU.Build.0 = Release|Any CPU
		{FB9D19CC-2D78-4315-962E-633C49882A90}.Debug|Any CPU.ActiveCfg = Debug|Any CPU
		{FB9D19CC-2D78-4315-962E-633C49882A90}.Debug|Any CPU.Build.0 = Debug|Any CPU
		{FB9D19CC-2D78-4315-962E-633C49882A90}.Release|Any CPU.ActiveCfg = Release|Any CPU
		{FB9D19CC-2D78-4315-962E-633C49882A90}.Release|Any CPU.Build.0 = Release|Any CPU
		{98688856-E0F3-4955-89AE-856A1A58B4DE}.Debug|Any CPU.ActiveCfg = Debug|Any CPU
		{98688856-E0F3-4955-89AE-856A1A58B4DE}.Debug|Any CPU.Build.0 = Debug|Any CPU
		{98688856-E0F3-4955-89AE-856A1A58B4DE}.Debug|Any CPU.Deploy.0 = Debug|Any CPU
		{98688856-E0F3-4955-89AE-856A1A58B4DE}.Release|Any CPU.ActiveCfg = Release|Any CPU
		{98688856-E0F3-4955-89AE-856A1A58B4DE}.Release|Any CPU.Build.0 = Release|Any CPU
		{98688856-E0F3-4955-89AE-856A1A58B4DE}.Release|Any CPU.Deploy.0 = Release|Any CPU
	EndGlobalSection
	GlobalSection(SolutionProperties) = preSolution
		HideSolutionNode = FALSE
	EndGlobalSection
	GlobalSection(NestedProjects) = preSolution
		{4CDBADD1-A533-46C9-8332-D121A489B0E3} = {B14DDF73-BB32-49F1-91A2-52B037CBF022}
		{6C99485A-2CC7-45C3-A5C2-3243E4C589E2} = {B14DDF73-BB32-49F1-91A2-52B037CBF022}
		{7CD08F92-FBE5-4D1F-80C3-2B9B6F329663} = {B14DDF73-BB32-49F1-91A2-52B037CBF022}
		{3FDFF122-2370-45E7-9DC2-908D2ACBAC79} = {6C99485A-2CC7-45C3-A5C2-3243E4C589E2}
		{249A98A9-F68A-425A-B3F0-7B64F88CD980} = {3FDFF122-2370-45E7-9DC2-908D2ACBAC79}
		{4D22BA5E-5AD9-43CD-AB0B-6D168D655AC8} = {4CDBADD1-A533-46C9-8332-D121A489B0E3}
		{DE939FB8-69B7-4190-903C-3F9C84F343A5} = {4D22BA5E-5AD9-43CD-AB0B-6D168D655AC8}
		{78B1005E-AAD5-4927-A911-7DBBAA16F48F} = {6C99485A-2CC7-45C3-A5C2-3243E4C589E2}
		{26D4E658-B1A1-434F-AE0B-A5C9BCFEA96A} = {6C99485A-2CC7-45C3-A5C2-3243E4C589E2}
		{DC4669F7-839E-4A9F-9B39-F67CC32CE577} = {6C99485A-2CC7-45C3-A5C2-3243E4C589E2}
		{21C5C852-6F3F-4068-8CB1-A75FF01CB689} = {6C99485A-2CC7-45C3-A5C2-3243E4C589E2}
		{D2104C28-31E3-4D0F-B5F0-333D5C4766B8} = {6C99485A-2CC7-45C3-A5C2-3243E4C589E2}
		{A200B8D6-0C17-4DB9-885C-909605C0B870} = {78B1005E-AAD5-4927-A911-7DBBAA16F48F}
		{F1001E74-CFCB-4FFC-8923-0344C3D07CD5} = {26D4E658-B1A1-434F-AE0B-A5C9BCFEA96A}
		{FA41785B-1C15-4782-8B20-2AC8B5B3567D} = {DC4669F7-839E-4A9F-9B39-F67CC32CE577}
		{F0F04DBF-B38D-4D13-AB63-71636BA1387C} = {21C5C852-6F3F-4068-8CB1-A75FF01CB689}
		{FB9D19CC-2D78-4315-962E-633C49882A90} = {D2104C28-31E3-4D0F-B5F0-333D5C4766B8}
		{0816AABC-155C-496E-9822-57D0FE60CDA0} = {4CDBADD1-A533-46C9-8332-D121A489B0E3}
		{98688856-E0F3-4955-89AE-856A1A58B4DE} = {0816AABC-155C-496E-9822-57D0FE60CDA0}
	EndGlobalSection
	GlobalSection(ExtensibilityGlobals) = postSolution
		SolutionGuid = {81EF0D16-35BD-45E2-BB74-D91D9F790F78}
	EndGlobalSection
EndGlobal
